<?xml version="1.0" encoding="utf-8"?>
<Project ToolsVersion="4.0" xmlns="http://schemas.microsoft.com/developer/msbuild/2003">
  <ItemGroup>
    <Filter Include="源文件">
      <UniqueIdentifier>{4FC737F1-C7A5-4376-A066-2A32D752A2FF}</UniqueIdentifier>
      <Extensions>cpp;c;cc;cxx;def;odl;idl;hpj;bat;asm;asmx</Extensions>
    </Filter>
    <Filter Include="头文件">
      <UniqueIdentifier>{93995380-89BD-4b04-88EB-625FBE52EBFB}</UniqueIdentifier>
      <Extensions>h;hh;hpp;hxx;hm;inl;inc;ipp;xsd</Extensions>
    </Filter>
    <Filter Include="资源文件">
      <UniqueIdentifier>{67DA6AB6-F800-4c08-8B7A-83BB121AAD01}</UniqueIdentifier>
      <Extensions>rc;ico;cur;bmp;dlg;rc2;rct;bin;rgs;gif;jpg;jpeg;jpe;resx;tiff;tif;png;wav;mfcribbon-ms</Extensions>
    </Filter>
  </ItemGroup>
  <ItemGroup>
    <ClInclude Include="..\..\Code\Admin\Admin.h">
      <Filter>头文件</Filter>
    </ClInclude>
    <ClInclude Include="..\..\Code\File\File.h">
      <Filter>头文件</Filter>
    </ClInclude>
    <ClInclude Include="..\..\Code\Input_Control\Input_Control.h">
      <Filter>头文件</Filter>
    </ClInclude>
    <ClInclude Include="..\..\Code\List\List.h">
      <Filter>头文件</Filter>
    </ClInclude>
    <ClInclude Include="..\..\Code\Log_In\Log_in.h">
      <Filter>头文件</Filter>
    </ClInclude>
    <ClInclude Include="..\..\Code\Manage\Manage.h">
      <Filter>头文件</Filter>
    </ClInclude>
    <ClInclude Include="..\..\Code\Menu\Menu.h">
      <Filter>头文件</Filter>
    </ClInclude>
    <ClInclude Include="..\..\Code\Staff\Staff.h">
      <Filter>头文件</Filter>
    </ClInclude>
    <ClInclude Include="..\..\Code\Table\Table.h">
      <Filter>头文件</Filter>
    </ClInclude>
    <ClInclude Include="..\..\Code\Order\Order.h">
      <Filter>头文件</Filter>
    </ClInclude>
    <ClInclude Include="..\..\Code\Waiter\Waiter.h">
      <Filter>头文件</Filter>
    </ClInclude>
  </ItemGroup>
  <ItemGroup>
    <ClCompile Include="..\..\Code\Admin\Admin.c">
      <Filter>源文件</Filter>
    </ClCompile>
    <ClCompile Include="..\..\Code\File\File.c">
      <Filter>源文件</Filter>
    </ClCompile>
    <ClCompile Include="..\..\Code\Input_Control\Input_Control.c">
      <Filter>源文件</Filter>
    </ClCompile>
    <ClCompile Include="..\..\Code\List\List.c">
      <Filter>源文件</Filter>
    </ClCompile>
    <ClCompile Include="..\..\Code\Log_In\Log_in.c">
      <Filter>源文件</Filter>
    </ClCompile>
    <ClCompile Include="..\..\Code\Manage\Manage.c">
      <Filter>源文件</Filter>
    </ClCompile>
    <ClCompile Include="..\..\Code\Menu\Menu.c">
      <Filter>源文件</Filter>
    </ClCompile>
    <ClCompile Include="..\..\Code\Order\Order.c">
      <Filter>源文件</Filter>
    </ClCompile>
    <ClCompile Include="..\..\Code\Staff\Staff.c">
      <Filter>源文件</Filter>
    </ClCompile>
    <ClCompile Include="..\..\Code\Table\Table.c">
      <Filter>源文件</Filter>
    </ClCompile>
    <ClCompile Include="..\..\Code\Waiter\Waiter.c">
      <Filter>源文件</Filter>
    </ClCompile>
    <ClCompile Include="..\..\Code\main.c">
      <Filter>源文件</Filter>
    </ClCompile>
  </ItemGroup>
</Project>